
Microsoft Visual Studio Solution File, Format Version 12.00
# Visual Studio Version 17
VisualStudioVersion = 17.3.32901.215
MinimumVisualStudioVersion = 10.0.40219.1
Project("{FAE04EC0-301F-11D3-BF4B-00C04F79EFBC}") = "ScaDispatchListTV", "ScaDispatchListTV\ScaDispatchListTV.csproj", "{D74AF02B-6A61-496E-BE8E-1C5854C4FB59}"
EndProject
Global
	GlobalSection(SolutionConfigurationPlatforms) = preSolution
		Debug|Any CPU = Debug|Any CPU
		Release|Any CPU = Release|Any CPU
	EndGlobalSection
	GlobalSection(ProjectConfigurationPlatforms) = postSolution
		{D74AF02B-6A61-496E-BE8E-1C5854C4FB59}.Debug|Any CPU.ActiveCfg = Debug|Any CPU
		{D74AF02B-6A61-496E-BE8E-1C5854C4FB59}.Debug|Any CPU.Build.0 = Debug|Any CPU
		{D74AF02B-6A61-496E-BE8E-1C5854C4FB59}.Release|Any CPU.ActiveCfg = Release|Any CPU
		{D74AF02B-6A61-496E-BE8E-1C5854C4FB59}.Release|Any CPU.Build.0 = Release|Any CPU
	EndGlobalSection
	GlobalSection(SolutionProperties) = preSolution
		HideSolutionNode = FALSE
	EndGlobalSection
	GlobalSection(ExtensibilityGlobals) = postSolution
		SolutionGuid = {1BADD554-4374-41D0-8FBF-8EB4FE9A2389}
	EndGlobalSection
EndGlobal
